
Microsoft Visual Studio Solution File, Format Version 12.00
# Visual Studio Version 17
VisualStudioVersion = 17.4.33205.214
MinimumVisualStudioVersion = 10.0.40219.1
Project("{9A19103F-16F7-4668-BE54-9A1E7A4F7556}") = "M001", "M001\M001.csproj", "{8C57850F-3BE5-462B-834D-98AE36D560A3}"
EndProject
Project("{9A19103F-16F7-4668-BE54-9A1E7A4F7556}") = "M002", "M002\M002.csproj", "{6D131BDF-A54F-4228-A6C6-768CF1246754}"
EndProject
Project("{9A19103F-16F7-4668-BE54-9A1E7A4F7556}") = "M003", "M003\M003.csproj", "{61266DC5-5486-44BF-8708-EA2A1904590D}"
EndProject
Project("{9A19103F-16F7-4668-BE54-9A1E7A4F7556}") = "M004", "M004\M004.csproj", "{36C5440A-E1F6-4FA9-9403-0429A49E6A8C}"
EndProject
Project("{9A19103F-16F7-4668-BE54-9A1E7A4F7556}") = "M005", "M005\M005.csproj", "{CAA2F3D9-51E5-4607-B8B4-E54D3BCAF42A}"
EndProject
Project("{FAE04EC0-301F-11D3-BF4B-00C04F79EFBC}") = "M006", "M006\M006.csproj", "{E6481853-F1F2-4A7C-B0B6-186D1F457EE8}"
EndProject
Project("{FAE04EC0-301F-11D3-BF4B-00C04F79EFBC}") = "M007", "M007\M007.csproj", "{1E3E36EF-1F6F-493C-9978-28139FB67DE0}"
EndProject
Global
	GlobalSection(SolutionConfigurationPlatforms) = preSolution
		Debug|Any CPU = Debug|Any CPU
		Release|Any CPU = Release|Any CPU
	EndGlobalSection
	GlobalSection(ProjectConfigurationPlatforms) = postSolution
		{8C57850F-3BE5-462B-834D-98AE36D560A3}.Debug|Any CPU.ActiveCfg = Debug|Any CPU
		{8C57850F-3BE5-462B-834D-98AE36D560A3}.Debug|Any CPU.Build.0 = Debug|Any CPU
		{8C57850F-3BE5-462B-834D-98AE36D560A3}.Release|Any CPU.ActiveCfg = Release|Any CPU
		{8C57850F-3BE5-462B-834D-98AE36D560A3}.Release|Any CPU.Build.0 = Release|Any CPU
		{6D131BDF-A54F-4228-A6C6-768CF1246754}.Debug|Any CPU.ActiveCfg = Debug|Any CPU
		{6D131BDF-A54F-4228-A6C6-768CF1246754}.Debug|Any CPU.Build.0 = Debug|Any CPU
		{6D131BDF-A54F-4228-A6C6-768CF1246754}.Release|Any CPU.ActiveCfg = Release|Any CPU
		{6D131BDF-A54F-4228-A6C6-768CF1246754}.Release|Any CPU.Build.0 = Release|Any CPU
		{61266DC5-5486-44BF-8708-EA2A1904590D}.Debug|Any CPU.ActiveCfg = Debug|Any CPU
		{61266DC5-5486-44BF-8708-EA2A1904590D}.Debug|Any CPU.Build.0 = Debug|Any CPU
		{61266DC5-5486-44BF-8708-EA2A1904590D}.Release|Any CPU.ActiveCfg = Release|Any CPU
		{61266DC5-5486-44BF-8708-EA2A1904590D}.Release|Any CPU.Build.0 = Release|Any CPU
		{36C5440A-E1F6-4FA9-9403-0429A49E6A8C}.Debug|Any CPU.ActiveCfg = Debug|Any CPU
		{36C5440A-E1F6-4FA9-9403-0429A49E6A8C}.Debug|Any CPU.Build.0 = Debug|Any CPU
		{36C5440A-E1F6-4FA9-9403-0429A49E6A8C}.Release|Any CPU.ActiveCfg = Release|Any CPU
		{36C5440A-E1F6-4FA9-9403-0429A49E6A8C}.Release|Any CPU.Build.0 = Release|Any CPU
		{CAA2F3D9-51E5-4607-B8B4-E54D3BCAF42A}.Debug|Any CPU.ActiveCfg = Debug|Any CPU
		{CAA2F3D9-51E5-4607-B8B4-E54D3BCAF42A}.Debug|Any CPU.Build.0 = Debug|Any CPU
		{CAA2F3D9-51E5-4607-B8B4-E54D3BCAF42A}.Release|Any CPU.ActiveCfg = Release|Any CPU
		{CAA2F3D9-51E5-4607-B8B4-E54D3BCAF42A}.Release|Any CPU.Build.0 = Release|Any CPU
		{E6481853-F1F2-4A7C-B0B6-186D1F457EE8}.Debug|Any CPU.ActiveCfg = Debug|Any CPU
		{E6481853-F1F2-4A7C-B0B6-186D1F457EE8}.Debug|Any CPU.Build.0 = Debug|Any CPU
		{E6481853-F1F2-4A7C-B0B6-186D1F457EE8}.Release|Any CPU.ActiveCfg = Release|Any CPU
		{E6481853-F1F2-4A7C-B0B6-186D1F457EE8}.Release|Any CPU.Build.0 = Release|Any CPU
		{1E3E36EF-1F6F-493C-9978-28139FB67DE0}.Debug|Any CPU.ActiveCfg = Debug|Any CPU
		{1E3E36EF-1F6F-493C-9978-28139FB67DE0}.Debug|Any CPU.Build.0 = Debug|Any CPU
		{1E3E36EF-1F6F-493C-9978-28139FB67DE0}.Release|Any CPU.ActiveCfg = Release|Any CPU
		{1E3E36EF-1F6F-493C-9978-28139FB67DE0}.Release|Any CPU.Build.0 = Release|Any CPU
	EndGlobalSection
	GlobalSection(SolutionProperties) = preSolution
		HideSolutionNode = FALSE
	EndGlobalSection
	GlobalSection(ExtensibilityGlobals) = postSolution
		SolutionGuid = {4A84004A-1E6C-438B-B41D-81A21D76D213}
	EndGlobalSection
EndGlobal
