
Microsoft Visual Studio Solution File, Format Version 12.00
# Visual Studio Version 17
VisualStudioVersion = 17.4.33205.214
MinimumVisualStudioVersion = 10.0.40219.1
Project("{FAE04EC0-301F-11D3-BF4B-00C04F79EFBC}") = "M001", "M001\M001.csproj", "{8C57850F-3BE5-462B-834D-98AE36D560A3}"
EndProject
Project("{FAE04EC0-301F-11D3-BF4B-00C04F79EFBC}") = "M002", "M002\M002.csproj", "{6D131BDF-A54F-4228-A6C6-768CF1246754}"
EndProject
Global
	GlobalSection(SolutionConfigurationPlatforms) = preSolution
		Debug|Any CPU = Debug|Any CPU
		Release|Any CPU = Release|Any CPU
	EndGlobalSection
	GlobalSection(ProjectConfigurationPlatforms) = postSolution
		{8C57850F-3BE5-462B-834D-98AE36D560A3}.Debug|Any CPU.ActiveCfg = Debug|Any CPU
		{8C57850F-3BE5-462B-834D-98AE36D560A3}.Debug|Any CPU.Build.0 = Debug|Any CPU
		{8C57850F-3BE5-462B-834D-98AE36D560A3}.Release|Any CPU.ActiveCfg = Release|Any CPU
		{8C57850F-3BE5-462B-834D-98AE36D560A3}.Release|Any CPU.Build.0 = Release|Any CPU
		{6D131BDF-A54F-4228-A6C6-768CF1246754}.Debug|Any CPU.ActiveCfg = Debug|Any CPU
		{6D131BDF-A54F-4228-A6C6-768CF1246754}.Debug|Any CPU.Build.0 = Debug|Any CPU
		{6D131BDF-A54F-4228-A6C6-768CF1246754}.Release|Any CPU.ActiveCfg = Release|Any CPU
		{6D131BDF-A54F-4228-A6C6-768CF1246754}.Release|Any CPU.Build.0 = Release|Any CPU
	EndGlobalSection
	GlobalSection(SolutionProperties) = preSolution
		HideSolutionNode = FALSE
	EndGlobalSection
	GlobalSection(ExtensibilityGlobals) = postSolution
		SolutionGuid = {4A84004A-1E6C-438B-B41D-81A21D76D213}
	EndGlobalSection
EndGlobal
